
Microsoft Visual Studio Solution File, Format Version 12.00
# Visual Studio Version 17
VisualStudioVersion = 17.6.33801.468
MinimumVisualStudioVersion = 10.0.40219.1
Project("{FAE04EC0-301F-11D3-BF4B-00C04F79EFBC}") = "smartstall", "smartstall.csproj", "{DC85DB20-CC99-4DED-8E6E-19B4C310C79C}"
EndProject
Global
	GlobalSection(SolutionConfigurationPlatforms) = preSolution
		Debug|Any CPU = Debug|Any CPU
		Release|Any CPU = Release|Any CPU
	EndGlobalSection
	GlobalSection(ProjectConfigurationPlatforms) = postSolution
		{DC85DB20-CC99-4DED-8E6E-19B4C310C79C}.Debug|Any CPU.ActiveCfg = Debug|Any CPU
		{DC85DB20-CC99-4DED-8E6E-19B4C310C79C}.Debug|Any CPU.Build.0 = Debug|Any CPU
		{DC85DB20-CC99-4DED-8E6E-19B4C310C79C}.Release|Any CPU.ActiveCfg = Release|Any CPU
		{DC85DB20-CC99-4DED-8E6E-19B4C310C79C}.Release|Any CPU.Build.0 = Release|Any CPU
	EndGlobalSection
	GlobalSection(SolutionProperties) = preSolution
		HideSolutionNode = FALSE
	EndGlobalSection
	GlobalSection(ExtensibilityGlobals) = postSolution
		SolutionGuid = {B388B8E7-6622-42AE-8738-DDDF34AED5AC}
	EndGlobalSection
EndGlobal
